
Microsoft Visual Studio Solution File, Format Version 12.00
# Visual Studio Version 17
VisualStudioVersion = 17.6.33815.320
MinimumVisualStudioVersion = 10.0.40219.1
Project("{FAE04EC0-301F-11D3-BF4B-00C04F79EFBC}") = "TaskScrollBar20230705_01", "TaskScrollBar20230705_01\TaskScrollBar20230705_01.csproj", "{A2694B0D-9E8E-4619-92A3-6E9102D7FB5A}"
EndProject
Global
	GlobalSection(SolutionConfigurationPlatforms) = preSolution
		Debug|Any CPU = Debug|Any CPU
		Release|Any CPU = Release|Any CPU
	EndGlobalSection
	GlobalSection(ProjectConfigurationPlatforms) = postSolution
		{A2694B0D-9E8E-4619-92A3-6E9102D7FB5A}.Debug|Any CPU.ActiveCfg = Debug|Any CPU
		{A2694B0D-9E8E-4619-92A3-6E9102D7FB5A}.Debug|Any CPU.Build.0 = Debug|Any CPU
		{A2694B0D-9E8E-4619-92A3-6E9102D7FB5A}.Release|Any CPU.ActiveCfg = Release|Any CPU
		{A2694B0D-9E8E-4619-92A3-6E9102D7FB5A}.Release|Any CPU.Build.0 = Release|Any CPU
	EndGlobalSection
	GlobalSection(SolutionProperties) = preSolution
		HideSolutionNode = FALSE
	EndGlobalSection
	GlobalSection(ExtensibilityGlobals) = postSolution
		SolutionGuid = {5B1B2500-9368-48A0-A855-E0325C633888}
	EndGlobalSection
EndGlobal
